{
  "lockfile_version": 1,
  "os": "macOS Sequoia 15.7.3",
  "r_version": "R version 4.5.2 (2025-10-31)",
  "platform": "aarch64-apple-darwin20",
  "packages": [
    {
      "ref": "deps::.",
      "package": "bwd-deps",
      "version": "0.1.0",
      "type": "deps",
      "direct": true,
      "binary": false,
      "dependencies": ["R6", "jsonlite"],
      "vignettes": false,
      "metadata": {
        "RemotePkgRef": "deps::.",
        "RemoteType": "deps"
      },
      "sources": [],
      "target": "src/contrib/bwd-deps_0.1.0.tar.gz",
      "platform": "source",
      "rversion": "*",
      "directpkg": true,
      "license": "Apache License (== 2.0)",
      "dep_types": ["Depends", "Imports", "LinkingTo"],
      "params": [],
      "install_args": "",
      "sysreqs": ""
    },
    {
      "ref": "R6",
      "package": "R6",
      "version": "2.6.1",
      "type": "standard",
      "direct": false,
      "binary": true,
      "dependencies": [],
      "vignettes": false,
      "needscompilation": false,
      "metadata": {
        "RemoteType": "standard",
        "RemotePkgRef": "R6",
        "RemoteRef": "R6",
        "RemoteRepos": "https://cran.rstudio.com/",
        "RemotePkgPlatform": "aarch64-apple-darwin20",
        "RemoteSha": "2.6.1"
      },
      "sources": ["https://cran.rstudio.com//bin/macosx/big-sur-arm64/contrib/4.5/R6_2.6.1.tgz", "https://mac.r-project.org/bin/macosx/big-sur-arm64/contrib/4.5/R6_2.6.1.tgz"],
      "target": "bin/macosx/big-sur-arm64/contrib/4.5/R6_2.6.1.tgz",
      "platform": "aarch64-apple-darwin20",
      "rversion": "4.5",
      "built": "R 4.5.0; ; 2025-02-15 01:07:20 UTC; unix",
      "directpkg": false,
      "license": "MIT + file LICENSE",
      "sha256": "88a4bb2f177abff0483b44cf015eeff6eb6f0197b6aca1800caacd97942c0775",
      "filesize": 87277,
      "dep_types": ["Depends", "Imports", "LinkingTo"],
      "params": [],
      "install_args": "",
      "repotype": "cran",
      "sysreqs": ""
    },
    {
      "ref": "jsonlite",
      "package": "jsonlite",
      "version": "2.0.0",
      "type": "standard",
      "direct": false,
      "binary": true,
      "dependencies": [],
      "vignettes": false,
      "needscompilation": true,
      "metadata": {
        "RemoteType": "standard",
        "RemotePkgRef": "jsonlite",
        "RemoteRef": "jsonlite",
        "RemoteRepos": "https://cran.rstudio.com/",
        "RemotePkgPlatform": "aarch64-apple-darwin20",
        "RemoteSha": "2.0.0"
      },
      "sources": ["https://cran.rstudio.com//bin/macosx/big-sur-arm64/contrib/4.5/jsonlite_2.0.0.tgz", "https://mac.r-project.org/bin/macosx/big-sur-arm64/contrib/4.5/jsonlite_2.0.0.tgz"],
      "target": "bin/macosx/big-sur-arm64/contrib/4.5/jsonlite_2.0.0.tgz",
      "platform": "aarch64-apple-darwin20",
      "rversion": "4.5",
      "built": "R 4.5.0; aarch64-apple-darwin20; 2025-03-27 07:33:55 UTC; unix",
      "directpkg": false,
      "license": "MIT + file LICENSE",
      "sha256": "97bcc324f0316a368abbd87379fdfd86e544bfda1b9720b121aaf7eec612674b",
      "filesize": 1109878,
      "dep_types": ["Depends", "Imports", "LinkingTo"],
      "params": [],
      "install_args": "",
      "repotype": "cran",
      "sysreqs": ""
    }
  ]
}
